// !$*UTF8*$!
{
	archiveVersion = 1;
	classes = {
	};
	objectVersion = 48;
	objects = {

/* Begin PBXBuildFile section */
		659F3D252E28CC11C274AEB2 /* NSImage+Extensions.swift in Sources */ = {isa = PBXBuildFile; fileRef = 659F39C6BDCA4E86A2CC3C01 /* NSImage+Extensions.swift */; };
		D80681A420A5859500D8D174 /* StatusBarPopoverController.swift in Sources */ = {isa = PBXBuildFile; fileRef = D80681A220A5859500D8D174 /* StatusBarPopoverController.swift */; };
		D80681A520A5859500D8D174 /* StatusBarPopoverController.xib in Resources */ = {isa = PBXBuildFile; fileRef = D80681A320A5859500D8D174 /* StatusBarPopoverController.xib */; };
		D80FE851209C4581009B5F13 /* ErrorNotifier.swift in Sources */ = {isa = PBXBuildFile; fileRef = D80FE850209C4581009B5F13 /* ErrorNotifier.swift */; };
		D8167F0D206E753C0073552A /* configurator.sh in Resources */ = {isa = PBXBuildFile; fileRef = D8167F0C206E753C0073552A /* configurator.sh */; };
		D8167F0F206E76A10073552A /* Boot.swift in Sources */ = {isa = PBXBuildFile; fileRef = D8167F0E206E76A10073552A /* Boot.swift */; };
		D8167F11206EAD4E0073552A /* Blackboard.swift in Sources */ = {isa = PBXBuildFile; fileRef = D8167F10206EAD4E0073552A /* Blackboard.swift */; };
		D8167F14206EC17E0073552A /* StringToOperation.swift in Sources */ = {isa = PBXBuildFile; fileRef = D8167F13206EC17E0073552A /* StringToOperation.swift */; };
		D819888220595165004B5974 /* AppDelegate.swift in Sources */ = {isa = PBXBuildFile; fileRef = D819888120595165004B5974 /* AppDelegate.swift */; };
		D819888420595165004B5974 /* MainWindowViewController.swift in Sources */ = {isa = PBXBuildFile; fileRef = D819888320595165004B5974 /* MainWindowViewController.swift */; };
		D819888620595165004B5974 /* Assets.xcassets in Resources */ = {isa = PBXBuildFile; fileRef = D819888520595165004B5974 /* Assets.xcassets */; };
		D819888920595165004B5974 /* Main.storyboard in Resources */ = {isa = PBXBuildFile; fileRef = D819888720595165004B5974 /* Main.storyboard */; };
		D81988A2205957EE004B5974 /* Config.swift in Sources */ = {isa = PBXBuildFile; fileRef = D81988A1205957EE004B5974 /* Config.swift */; };
		D81A51FE2067F38600E431E9 /* PostURL.swift in Sources */ = {isa = PBXBuildFile; fileRef = D81A51FD2067F38600E431E9 /* PostURL.swift */; };
		D81A52002067F81A00E431E9 /* URLCommand.swift in Sources */ = {isa = PBXBuildFile; fileRef = D81A51FF2067F81A00E431E9 /* URLCommand.swift */; };
		D81D3CE620665A7E008325B9 /* SubstatusTableCellView.swift in Sources */ = {isa = PBXBuildFile; fileRef = D85B1E3220614FC5003744E0 /* SubstatusTableCellView.swift */; };
		D82F163E20AAE59D00563AD0 /* CookieControl.swift in Sources */ = {isa = PBXBuildFile; fileRef = D82F163D20AAE59D00563AD0 /* CookieControl.swift */; };
		D8307B9520754E1100FCE94D /* FontStyleToFont.swift in Sources */ = {isa = PBXBuildFile; fileRef = D8307B9420754E1100FCE94D /* FontStyleToFont.swift */; };
		D8307B97207661D500FCE94D /* stage2.conf in Resources */ = {isa = PBXBuildFile; fileRef = D8307B96207661D500FCE94D /* stage2.conf */; };
		D8333EE9205D3FA90029172B /* FontStyle.swift in Sources */ = {isa = PBXBuildFile; fileRef = D8333EE8205D3FA90029172B /* FontStyle.swift */; };
		D842DA8C2062A73B0043B73A /* URL+Extensions.swift in Sources */ = {isa = PBXBuildFile; fileRef = D842DA8B2062A73B0043B73A /* URL+Extensions.swift */; };
		D8467E6C20AEBDFA00F8F08A /* NSWindow+Extensions.swift in Sources */ = {isa = PBXBuildFile; fileRef = D8467E6B20AEBDFA00F8F08A /* NSWindow+Extensions.swift */; };
		D84AB8E0207A0EDF00AB4E21 /* BootTests.swift in Sources */ = {isa = PBXBuildFile; fileRef = D8CD296E2078EDC5009264AC /* BootTests.swift */; };
		D84AB8E1207A0EDF00AB4E21 /* ParserTests.swift in Sources */ = {isa = PBXBuildFile; fileRef = D8F35ED52077A4BA006CD09E /* ParserTests.swift */; };
		D8515E99205C3CB000565AAE /* Operation.swift in Sources */ = {isa = PBXBuildFile; fileRef = D8515E98205C3CB000565AAE /* Operation.swift */; };
		D8515E9B205C3D0D00565AAE /* ActionItem.swift in Sources */ = {isa = PBXBuildFile; fileRef = D8515E9A205C3D0D00565AAE /* ActionItem.swift */; };
		D8515E9D205C3F0300565AAE /* Position.swift in Sources */ = {isa = PBXBuildFile; fileRef = D8515E9C205C3F0300565AAE /* Position.swift */; };
		D8515EA1205C402600565AAE /* ActionItemType.swift in Sources */ = {isa = PBXBuildFile; fileRef = D8515EA0205C402600565AAE /* ActionItemType.swift */; };
		D8515EA3205C416700565AAE /* Indicator.swift in Sources */ = {isa = PBXBuildFile; fileRef = D8515EA2205C416700565AAE /* Indicator.swift */; };
		D8515EA6205C41BD00565AAE /* MainWindow.swift in Sources */ = {isa = PBXBuildFile; fileRef = D8515EA5205C41BD00565AAE /* MainWindow.swift */; };
		D8515EA8205C421900565AAE /* StatusDisplay.swift in Sources */ = {isa = PBXBuildFile; fileRef = D8515EA7205C421900565AAE /* StatusDisplay.swift */; };
		D8515EAD205C443400565AAE /* ConfigInitializer.swift in Sources */ = {isa = PBXBuildFile; fileRef = D8515EAC205C443400565AAE /* ConfigInitializer.swift */; };
		D8515EB1205D206300565AAE /* Args.swift in Sources */ = {isa = PBXBuildFile; fileRef = D8515EB0205D206300565AAE /* Args.swift */; };
		D8594A0B206A737000D089DE /* SetItem.swift in Sources */ = {isa = PBXBuildFile; fileRef = D8594A0A206A737000D089DE /* SetItem.swift */; };
		D8594A0E206A8A8D00D089DE /* SetNextErrorMessage.swift in Sources */ = {isa = PBXBuildFile; fileRef = D8594A0D206A8A8D00D089DE /* SetNextErrorMessage.swift */; };
		D85B1E2820612A81003744E0 /* Constants.swift in Sources */ = {isa = PBXBuildFile; fileRef = D85B1E2720612A81003744E0 /* Constants.swift */; };
		D85B1E2D20613614003744E0 /* Shell.swift in Sources */ = {isa = PBXBuildFile; fileRef = D85B1E2C20613614003744E0 /* Shell.swift */; };
		D860514620601B2000E8983A /* MainWindowController.swift in Sources */ = {isa = PBXBuildFile; fileRef = D860514520601B2000E8983A /* MainWindowController.swift */; };
		D86EFEC92080A5ED004D3B45 /* Keyword.swift in Sources */ = {isa = PBXBuildFile; fileRef = D86EFEC82080A5ED004D3B45 /* Keyword.swift */; };
		D88213252066441400150FAE /* LICENSE.txt in Resources */ = {isa = PBXBuildFile; fileRef = D88213242066441400150FAE /* LICENSE.txt */; };
		D896443320A0310800D4F5B4 /* Terminal.applescript in Resources */ = {isa = PBXBuildFile; fileRef = D896443220A0310800D4F5B4 /* Terminal.applescript */; };
		D8B109AB206BA28F00084D82 /* NotifyUser.swift in Sources */ = {isa = PBXBuildFile; fileRef = D8B109AA206BA28F00084D82 /* NotifyUser.swift */; };
		D8B109BA206BB81D00084D82 /* Queue.swift in Sources */ = {isa = PBXBuildFile; fileRef = D8B109B9206BB81D00084D82 /* Queue.swift */; };
		D8B109BC206BD64C00084D82 /* SetHTTPCookie.swift in Sources */ = {isa = PBXBuildFile; fileRef = D8B109BB206BD64C00084D82 /* SetHTTPCookie.swift */; };
		D8B109C0206BD82F00084D82 /* HTTPCookie.swift in Sources */ = {isa = PBXBuildFile; fileRef = D8B109BF206BD82F00084D82 /* HTTPCookie.swift */; };
		D8B289492067AD6A000DCD03 /* ShowURL.swift in Sources */ = {isa = PBXBuildFile; fileRef = D8B289482067AD6A000DCD03 /* ShowURL.swift */; };
		D8B2896D2067C3C5000DCD03 /* CommandFactory.swift in Sources */ = {isa = PBXBuildFile; fileRef = D8B2896C2067C3C5000DCD03 /* CommandFactory.swift */; };
		D8B2896F2067C5A1000DCD03 /* Quit.swift in Sources */ = {isa = PBXBuildFile; fileRef = D8B2896E2067C5A1000DCD03 /* Quit.swift */; };
		D8B289712067CBBD000DCD03 /* ShowMainWindow.swift in Sources */ = {isa = PBXBuildFile; fileRef = D8B289702067CBBD000DCD03 /* ShowMainWindow.swift */; };
		D8B289742067CC3C000DCD03 /* Terminal.swift in Sources */ = {isa = PBXBuildFile; fileRef = D8B289732067CC3C000DCD03 /* Terminal.swift */; };
		D8BE028A2067DE8D006219D5 /* GetURL.swift in Sources */ = {isa = PBXBuildFile; fileRef = D8BE02892067DE8D006219D5 /* GetURL.swift */; };
		D8BE028D2067E496006219D5 /* UserNotificationFacade.swift in Sources */ = {isa = PBXBuildFile; fileRef = D8BE028C2067E496006219D5 /* UserNotificationFacade.swift */; };
		D8BE2C7E206EE0A70039C7B5 /* Server.swift in Sources */ = {isa = PBXBuildFile; fileRef = D8BE2C7D206EE0A70039C7B5 /* Server.swift */; };
		D8CA67A42066BF1C003501FD /* LogicalXOR.swift in Sources */ = {isa = PBXBuildFile; fileRef = D8CA67A32066BF1C003501FD /* LogicalXOR.swift */; };
		D8CA67A72066CE31003501FD /* Command.swift in Sources */ = {isa = PBXBuildFile; fileRef = D8CA67A62066CE31003501FD /* Command.swift */; };
		D8CD296D2078D3DF009264AC /* BootError.swift in Sources */ = {isa = PBXBuildFile; fileRef = D8CD296C2078D3DF009264AC /* BootError.swift */; };
		D8D3737D20A062B500FE8843 /* CloseTerminalWindows.applescript in Resources */ = {isa = PBXBuildFile; fileRef = D8D3737B20A048CB00FE8843 /* CloseTerminalWindows.applescript */; };
		D8D696F42073B07200F814DE /* UInt16+Extensions.swift in Sources */ = {isa = PBXBuildFile; fileRef = D8D696F32073B07200F814DE /* UInt16+Extensions.swift */; };
		D8D91DF52072C16900520189 /* NetworkError.swift in Sources */ = {isa = PBXBuildFile; fileRef = D8D91DF42072C16900520189 /* NetworkError.swift */; };
		D8DF32242068D5520034165A /* ShowSplashScreen.swift in Sources */ = {isa = PBXBuildFile; fileRef = D8DF32232068D5520034165A /* ShowSplashScreen.swift */; };
		D8DF322E2068ED870034165A /* SplashViewDataSource.swift in Sources */ = {isa = PBXBuildFile; fileRef = D8DF322D2068ED870034165A /* SplashViewDataSource.swift */; };
		D8DF32312068EE710034165A /* SplashScreenConfig.swift in Sources */ = {isa = PBXBuildFile; fileRef = D8DF32302068EE710034165A /* SplashScreenConfig.swift */; };
		D8DF32332068FC2E0034165A /* UpdateSplashScreen.swift in Sources */ = {isa = PBXBuildFile; fileRef = D8DF32322068FC2E0034165A /* UpdateSplashScreen.swift */; };
		D8DF3236206904EF0034165A /* HideSplashScreen.swift in Sources */ = {isa = PBXBuildFile; fileRef = D8DF3235206904EF0034165A /* HideSplashScreen.swift */; };
		D8DF3238206907460034165A /* SplashWindowController.swift in Sources */ = {isa = PBXBuildFile; fileRef = D8DF3237206907460034165A /* SplashWindowController.swift */; };
		D8DF323A206908F70034165A /* HideMainWindow.swift in Sources */ = {isa = PBXBuildFile; fileRef = D8DF3239206908F70034165A /* HideMainWindow.swift */; };
		D8DF323C206917510034165A /* SetStatus.swift in Sources */ = {isa = PBXBuildFile; fileRef = D8DF323B206917510034165A /* SetStatus.swift */; };
		D8DF323F206922150034165A /* SetStatusDisplay.swift in Sources */ = {isa = PBXBuildFile; fileRef = D8DF323E206922150034165A /* SetStatusDisplay.swift */; };
		D8DF3241206927200034165A /* NSColor+Extensions.swift in Sources */ = {isa = PBXBuildFile; fileRef = D8DF3240206927200034165A /* NSColor+Extensions.swift */; };
		D8DF324320692B7B0034165A /* String+Extensions.swift in Sources */ = {isa = PBXBuildFile; fileRef = D8DF324220692B7B0034165A /* String+Extensions.swift */; };
		D8E459F320753B1B00B5A3CD /* stage1.conf in Resources */ = {isa = PBXBuildFile; fileRef = D8E459F220753B1B00B5A3CD /* stage1.conf */; };
		D8ECDD6C205EA6370004790B /* Parser.swift in Sources */ = {isa = PBXBuildFile; fileRef = D8ECDD6B205EA6370004790B /* Parser.swift */; };
		D8F1FEFD20654785007E497B /* main.swift in Sources */ = {isa = PBXBuildFile; fileRef = D8F1FEFC20654785007E497B /* main.swift */; };
		D8F1FEFF2065818D007E497B /* SplashViewController.swift in Sources */ = {isa = PBXBuildFile; fileRef = D8F1FEFE2065818D007E497B /* SplashViewController.swift */; };
		D8F35ED82077AA5C006CD09E /* ParsingError.swift in Sources */ = {isa = PBXBuildFile; fileRef = D8F35ED72077AA5C006CD09E /* ParsingError.swift */; };
/* End PBXBuildFile section */

/* Begin PBXContainerItemProxy section */
		D84AB8DB207A0ECE00AB4E21 /* PBXContainerItemProxy */ = {
			isa = PBXContainerItemProxy;
			containerPortal = D819887620595165004B5974 /* Project object */;
			proxyType = 1;
			remoteGlobalIDString = D819887D20595165004B5974;
			remoteInfo = "GUI-o-Mac-tic";
		};
/* End PBXContainerItemProxy section */

/* Begin PBXFileReference section */
		659F39C6BDCA4E86A2CC3C01 /* NSImage+Extensions.swift */ = {isa = PBXFileReference; fileEncoding = 4; lastKnownFileType = sourcecode.swift; path = "NSImage+Extensions.swift"; sourceTree = "<group>"; };
		D80681A220A5859500D8D174 /* StatusBarPopoverController.swift */ = {isa = PBXFileReference; lastKnownFileType = sourcecode.swift; path = StatusBarPopoverController.swift; sourceTree = "<group>"; };
		D80681A320A5859500D8D174 /* StatusBarPopoverController.xib */ = {isa = PBXFileReference; lastKnownFileType = file.xib; path = StatusBarPopoverController.xib; sourceTree = "<group>"; };
		D80FE850209C4581009B5F13 /* ErrorNotifier.swift */ = {isa = PBXFileReference; lastKnownFileType = sourcecode.swift; path = ErrorNotifier.swift; sourceTree = "<group>"; };
		D8167F0C206E753C0073552A /* configurator.sh */ = {isa = PBXFileReference; lastKnownFileType = text.script.sh; path = configurator.sh; sourceTree = "<group>"; };
		D8167F0E206E76A10073552A /* Boot.swift */ = {isa = PBXFileReference; lastKnownFileType = sourcecode.swift; path = Boot.swift; sourceTree = "<group>"; };
		D8167F10206EAD4E0073552A /* Blackboard.swift */ = {isa = PBXFileReference; lastKnownFileType = sourcecode.swift; path = Blackboard.swift; sourceTree = "<group>"; };
		D8167F13206EC17E0073552A /* StringToOperation.swift */ = {isa = PBXFileReference; lastKnownFileType = sourcecode.swift; path = StringToOperation.swift; sourceTree = "<group>"; };
		D819887E20595165004B5974 /* GUI-o-Mac-tic.app */ = {isa = PBXFileReference; explicitFileType = wrapper.application; includeInIndex = 0; path = "GUI-o-Mac-tic.app"; sourceTree = BUILT_PRODUCTS_DIR; };
		D819888120595165004B5974 /* AppDelegate.swift */ = {isa = PBXFileReference; lastKnownFileType = sourcecode.swift; path = AppDelegate.swift; sourceTree = "<group>"; };
		D819888320595165004B5974 /* MainWindowViewController.swift */ = {isa = PBXFileReference; lastKnownFileType = sourcecode.swift; path = MainWindowViewController.swift; sourceTree = "<group>"; };
		D819888520595165004B5974 /* Assets.xcassets */ = {isa = PBXFileReference; lastKnownFileType = folder.assetcatalog; path = Assets.xcassets; sourceTree = "<group>"; };
		D819888820595165004B5974 /* Base */ = {isa = PBXFileReference; lastKnownFileType = file.storyboard; name = Base; path = Base.lproj/Main.storyboard; sourceTree = "<group>"; };
		D819888A20595165004B5974 /* Info.plist */ = {isa = PBXFileReference; lastKnownFileType = text.plist.xml; path = Info.plist; sourceTree = "<group>"; };
		D819888B20595165004B5974 /* GUI-o-Mac-tic.entitlements */ = {isa = PBXFileReference; lastKnownFileType = text.plist.entitlements; path = "GUI-o-Mac-tic.entitlements"; sourceTree = "<group>"; };
		D81988A1205957EE004B5974 /* Config.swift */ = {isa = PBXFileReference; lastKnownFileType = sourcecode.swift; path = Config.swift; sourceTree = "<group>"; };
		D81A51FD2067F38600E431E9 /* PostURL.swift */ = {isa = PBXFileReference; lastKnownFileType = sourcecode.swift; path = PostURL.swift; sourceTree = "<group>"; };
		D81A51FF2067F81A00E431E9 /* URLCommand.swift */ = {isa = PBXFileReference; lastKnownFileType = sourcecode.swift; path = URLCommand.swift; sourceTree = "<group>"; };
		D82F163D20AAE59D00563AD0 /* CookieControl.swift */ = {isa = PBXFileReference; lastKnownFileType = sourcecode.swift; path = CookieControl.swift; sourceTree = "<group>"; };
		D8307B9420754E1100FCE94D /* FontStyleToFont.swift */ = {isa = PBXFileReference; lastKnownFileType = sourcecode.swift; path = FontStyleToFont.swift; sourceTree = "<group>"; };
		D8307B96207661D500FCE94D /* stage2.conf */ = {isa = PBXFileReference; lastKnownFileType = text; path = stage2.conf; sourceTree = "<group>"; };
		D8333EE8205D3FA90029172B /* FontStyle.swift */ = {isa = PBXFileReference; lastKnownFileType = sourcecode.swift; path = FontStyle.swift; sourceTree = "<group>"; };
		D842DA84206276B00043B73A /* README.md */ = {isa = PBXFileReference; lastKnownFileType = net.daringfireball.markdown; path = README.md; sourceTree = "<group>"; };
		D842DA8B2062A73B0043B73A /* URL+Extensions.swift */ = {isa = PBXFileReference; lastKnownFileType = sourcecode.swift; path = "URL+Extensions.swift"; sourceTree = "<group>"; };
		D8467E6B20AEBDFA00F8F08A /* NSWindow+Extensions.swift */ = {isa = PBXFileReference; lastKnownFileType = sourcecode.swift; path = "NSWindow+Extensions.swift"; sourceTree = "<group>"; };
		D84AB8D6207A0ECE00AB4E21 /* GUI-o-Mac-tic-Tests.xctest */ = {isa = PBXFileReference; explicitFileType = wrapper.cfbundle; includeInIndex = 0; path = "GUI-o-Mac-tic-Tests.xctest"; sourceTree = BUILT_PRODUCTS_DIR; };
		D84AB8DA207A0ECE00AB4E21 /* Info.plist */ = {isa = PBXFileReference; lastKnownFileType = text.plist.xml; path = Info.plist; sourceTree = "<group>"; };
		D8515E98205C3CB000565AAE /* Operation.swift */ = {isa = PBXFileReference; lastKnownFileType = sourcecode.swift; path = Operation.swift; sourceTree = "<group>"; };
		D8515E9A205C3D0D00565AAE /* ActionItem.swift */ = {isa = PBXFileReference; lastKnownFileType = sourcecode.swift; path = ActionItem.swift; sourceTree = "<group>"; };
		D8515E9C205C3F0300565AAE /* Position.swift */ = {isa = PBXFileReference; lastKnownFileType = sourcecode.swift; path = Position.swift; sourceTree = "<group>"; };
		D8515EA0205C402600565AAE /* ActionItemType.swift */ = {isa = PBXFileReference; lastKnownFileType = sourcecode.swift; path = ActionItemType.swift; sourceTree = "<group>"; };
		D8515EA2205C416700565AAE /* Indicator.swift */ = {isa = PBXFileReference; lastKnownFileType = sourcecode.swift; path = Indicator.swift; sourceTree = "<group>"; };
		D8515EA5205C41BD00565AAE /* MainWindow.swift */ = {isa = PBXFileReference; lastKnownFileType = sourcecode.swift; path = MainWindow.swift; sourceTree = "<group>"; };
		D8515EA7205C421900565AAE /* StatusDisplay.swift */ = {isa = PBXFileReference; lastKnownFileType = sourcecode.swift; path = StatusDisplay.swift; sourceTree = "<group>"; };
		D8515EAC205C443400565AAE /* ConfigInitializer.swift */ = {isa = PBXFileReference; lastKnownFileType = sourcecode.swift; path = ConfigInitializer.swift; sourceTree = "<group>"; };
		D8515EB0205D206300565AAE /* Args.swift */ = {isa = PBXFileReference; lastKnownFileType = sourcecode.swift; path = Args.swift; sourceTree = "<group>"; };
		D8594A0A206A737000D089DE /* SetItem.swift */ = {isa = PBXFileReference; lastKnownFileType = sourcecode.swift; path = SetItem.swift; sourceTree = "<group>"; };
		D8594A0D206A8A8D00D089DE /* SetNextErrorMessage.swift */ = {isa = PBXFileReference; lastKnownFileType = sourcecode.swift; path = SetNextErrorMessage.swift; sourceTree = "<group>"; };
		D85B1E2720612A81003744E0 /* Constants.swift */ = {isa = PBXFileReference; lastKnownFileType = sourcecode.swift; path = Constants.swift; sourceTree = "<group>"; };
		D85B1E2C20613614003744E0 /* Shell.swift */ = {isa = PBXFileReference; lastKnownFileType = sourcecode.swift; path = Shell.swift; sourceTree = "<group>"; };
		D85B1E3220614FC5003744E0 /* SubstatusTableCellView.swift */ = {isa = PBXFileReference; lastKnownFileType = sourcecode.swift; name = SubstatusTableCellView.swift; path = src/Views/SubstatusTableCellView.swift; sourceTree = SOURCE_ROOT; };
		D860514520601B2000E8983A /* MainWindowController.swift */ = {isa = PBXFileReference; lastKnownFileType = sourcecode.swift; path = MainWindowController.swift; sourceTree = "<group>"; };
		D86EFEC82080A5ED004D3B45 /* Keyword.swift */ = {isa = PBXFileReference; lastKnownFileType = sourcecode.swift; path = Keyword.swift; sourceTree = "<group>"; };
		D88213242066441400150FAE /* LICENSE.txt */ = {isa = PBXFileReference; lastKnownFileType = text; path = LICENSE.txt; sourceTree = "<group>"; };
		D896443220A0310800D4F5B4 /* Terminal.applescript */ = {isa = PBXFileReference; explicitFileType = sourcecode.applescript; path = Terminal.applescript; sourceTree = "<group>"; };
		D8B109AA206BA28F00084D82 /* NotifyUser.swift */ = {isa = PBXFileReference; lastKnownFileType = sourcecode.swift; path = NotifyUser.swift; sourceTree = "<group>"; };
		D8B109B9206BB81D00084D82 /* Queue.swift */ = {isa = PBXFileReference; lastKnownFileType = sourcecode.swift; path = Queue.swift; sourceTree = "<group>"; };
		D8B109BB206BD64C00084D82 /* SetHTTPCookie.swift */ = {isa = PBXFileReference; lastKnownFileType = sourcecode.swift; path = SetHTTPCookie.swift; sourceTree = "<group>"; };
		D8B109BF206BD82F00084D82 /* HTTPCookie.swift */ = {isa = PBXFileReference; lastKnownFileType = sourcecode.swift; path = HTTPCookie.swift; sourceTree = "<group>"; };
		D8B289482067AD6A000DCD03 /* ShowURL.swift */ = {isa = PBXFileReference; lastKnownFileType = sourcecode.swift; path = ShowURL.swift; sourceTree = "<group>"; };
		D8B2896C2067C3C5000DCD03 /* CommandFactory.swift */ = {isa = PBXFileReference; lastKnownFileType = sourcecode.swift; path = CommandFactory.swift; sourceTree = "<group>"; };
		D8B2896E2067C5A1000DCD03 /* Quit.swift */ = {isa = PBXFileReference; lastKnownFileType = sourcecode.swift; path = Quit.swift; sourceTree = "<group>"; };
		D8B289702067CBBD000DCD03 /* ShowMainWindow.swift */ = {isa = PBXFileReference; lastKnownFileType = sourcecode.swift; path = ShowMainWindow.swift; sourceTree = "<group>"; };
		D8B289732067CC3C000DCD03 /* Terminal.swift */ = {isa = PBXFileReference; lastKnownFileType = sourcecode.swift; path = Terminal.swift; sourceTree = "<group>"; };
		D8BE02892067DE8D006219D5 /* GetURL.swift */ = {isa = PBXFileReference; lastKnownFileType = sourcecode.swift; path = GetURL.swift; sourceTree = "<group>"; };
		D8BE028C2067E496006219D5 /* UserNotificationFacade.swift */ = {isa = PBXFileReference; lastKnownFileType = sourcecode.swift; path = UserNotificationFacade.swift; sourceTree = "<group>"; };
		D8BE2C7D206EE0A70039C7B5 /* Server.swift */ = {isa = PBXFileReference; lastKnownFileType = sourcecode.swift; path = Server.swift; sourceTree = "<group>"; };
		D8CA67A32066BF1C003501FD /* LogicalXOR.swift */ = {isa = PBXFileReference; lastKnownFileType = sourcecode.swift; path = LogicalXOR.swift; sourceTree = "<group>"; };
		D8CA67A62066CE31003501FD /* Command.swift */ = {isa = PBXFileReference; lastKnownFileType = sourcecode.swift; path = Command.swift; sourceTree = "<group>"; };
		D8CD296C2078D3DF009264AC /* BootError.swift */ = {isa = PBXFileReference; lastKnownFileType = sourcecode.swift; path = BootError.swift; sourceTree = "<group>"; };
		D8CD296E2078EDC5009264AC /* BootTests.swift */ = {isa = PBXFileReference; lastKnownFileType = sourcecode.swift; name = BootTests.swift; path = "GUI-o-Mac-tic-Tests/BootTests.swift"; sourceTree = SOURCE_ROOT; };
		D8D3737B20A048CB00FE8843 /* CloseTerminalWindows.applescript */ = {isa = PBXFileReference; explicitFileType = sourcecode.applescript; path = CloseTerminalWindows.applescript; sourceTree = "<group>"; };
		D8D696F32073B07200F814DE /* UInt16+Extensions.swift */ = {isa = PBXFileReference; lastKnownFileType = sourcecode.swift; path = "UInt16+Extensions.swift"; sourceTree = "<group>"; };
		D8D91DF42072C16900520189 /* NetworkError.swift */ = {isa = PBXFileReference; lastKnownFileType = sourcecode.swift; path = NetworkError.swift; sourceTree = "<group>"; };
		D8DF32232068D5520034165A /* ShowSplashScreen.swift */ = {isa = PBXFileReference; lastKnownFileType = sourcecode.swift; path = ShowSplashScreen.swift; sourceTree = "<group>"; };
		D8DF322D2068ED870034165A /* SplashViewDataSource.swift */ = {isa = PBXFileReference; lastKnownFileType = sourcecode.swift; path = SplashViewDataSource.swift; sourceTree = "<group>"; };
		D8DF32302068EE710034165A /* SplashScreenConfig.swift */ = {isa = PBXFileReference; lastKnownFileType = sourcecode.swift; path = SplashScreenConfig.swift; sourceTree = "<group>"; };
		D8DF32322068FC2E0034165A /* UpdateSplashScreen.swift */ = {isa = PBXFileReference; lastKnownFileType = sourcecode.swift; path = UpdateSplashScreen.swift; sourceTree = "<group>"; };
		D8DF3235206904EF0034165A /* HideSplashScreen.swift */ = {isa = PBXFileReference; lastKnownFileType = sourcecode.swift; path = HideSplashScreen.swift; sourceTree = "<group>"; };
		D8DF3237206907460034165A /* SplashWindowController.swift */ = {isa = PBXFileReference; lastKnownFileType = sourcecode.swift; path = SplashWindowController.swift; sourceTree = "<group>"; };
		D8DF3239206908F70034165A /* HideMainWindow.swift */ = {isa = PBXFileReference; lastKnownFileType = sourcecode.swift; path = HideMainWindow.swift; sourceTree = "<group>"; };
		D8DF323B206917510034165A /* SetStatus.swift */ = {isa = PBXFileReference; lastKnownFileType = sourcecode.swift; path = SetStatus.swift; sourceTree = "<group>"; };
		D8DF323E206922150034165A /* SetStatusDisplay.swift */ = {isa = PBXFileReference; lastKnownFileType = sourcecode.swift; path = SetStatusDisplay.swift; sourceTree = "<group>"; };
		D8DF3240206927200034165A /* NSColor+Extensions.swift */ = {isa = PBXFileReference; lastKnownFileType = sourcecode.swift; path = "NSColor+Extensions.swift"; sourceTree = "<group>"; };
		D8DF324220692B7B0034165A /* String+Extensions.swift */ = {isa = PBXFileReference; lastKnownFileType = sourcecode.swift; path = "String+Extensions.swift"; sourceTree = "<group>"; };
		D8E459F220753B1B00B5A3CD /* stage1.conf */ = {isa = PBXFileReference; explicitFileType = sourcecode.javascript; fileEncoding = 4; path = stage1.conf; sourceTree = "<group>"; xcLanguageSpecificationIdentifier = xcode.lang.javascript; };
		D8ECDD6B205EA6370004790B /* Parser.swift */ = {isa = PBXFileReference; lastKnownFileType = sourcecode.swift; path = Parser.swift; sourceTree = "<group>"; };
		D8F1FEFC20654785007E497B /* main.swift */ = {isa = PBXFileReference; lastKnownFileType = sourcecode.swift; path = main.swift; sourceTree = "<group>"; };
		D8F1FEFE2065818D007E497B /* SplashViewController.swift */ = {isa = PBXFileReference; lastKnownFileType = sourcecode.swift; path = SplashViewController.swift; sourceTree = "<group>"; };
		D8F35ED52077A4BA006CD09E /* ParserTests.swift */ = {isa = PBXFileReference; lastKnownFileType = sourcecode.swift; name = ParserTests.swift; path = "GUI-o-Mac-tic-Tests/ParserTests.swift"; sourceTree = SOURCE_ROOT; };
		D8F35ED72077AA5C006CD09E /* ParsingError.swift */ = {isa = PBXFileReference; lastKnownFileType = sourcecode.swift; path = ParsingError.swift; sourceTree = "<group>"; };
/* End PBXFileReference section */

/* Begin PBXFrameworksBuildPhase section */
		D819887B20595165004B5974 /* Frameworks */ = {
			isa = PBXFrameworksBuildPhase;
			buildActionMask = 2147483647;
			files = (
			);
			runOnlyForDeploymentPostprocessing = 0;
		};
		D84AB8D3207A0ECE00AB4E21 /* Frameworks */ = {
			isa = PBXFrameworksBuildPhase;
			buildActionMask = 2147483647;
			files = (
			);
			runOnlyForDeploymentPostprocessing = 0;
		};
/* End PBXFrameworksBuildPhase section */

/* Begin PBXGroup section */
		D806819F20A584E300D8D174 /* StatusBarPopover */ = {
			isa = PBXGroup;
			children = (
				D80681A220A5859500D8D174 /* StatusBarPopoverController.swift */,
				D80681A320A5859500D8D174 /* StatusBarPopoverController.xib */,
			);
			path = StatusBarPopover;
			sourceTree = "<group>";
		};
		D8167F12206EC1620073552A /* Mappers */ = {
			isa = PBXGroup;
			children = (
				D8167F13206EC17E0073552A /* StringToOperation.swift */,
				D8307B9420754E1100FCE94D /* FontStyleToFont.swift */,
			);
			path = Mappers;
			sourceTree = "<group>";
		};
		D819887520595165004B5974 = {
			isa = PBXGroup;
			children = (
				D88213242066441400150FAE /* LICENSE.txt */,
				D842DA84206276B00043B73A /* README.md */,
				D8DF32252068E66A0034165A /* share */,
				D819888020595165004B5974 /* src */,
				D84AB8D7207A0ECE00AB4E21 /* GUI-o-Mac-tic-Tests */,
				D819887F20595165004B5974 /* Products */,
			);
			sourceTree = "<group>";
		};
		D819887F20595165004B5974 /* Products */ = {
			isa = PBXGroup;
			children = (
				D819887E20595165004B5974 /* GUI-o-Mac-tic.app */,
				D84AB8D6207A0ECE00AB4E21 /* GUI-o-Mac-tic-Tests.xctest */,
			);
			name = Products;
			sourceTree = "<group>";
		};
		D819888020595165004B5974 /* src */ = {
			isa = PBXGroup;
			children = (
				D84AB8E5207A2F7600AB4E21 /* Boot */,
				D819888120595165004B5974 /* AppDelegate.swift */,
				D819888520595165004B5974 /* Assets.xcassets */,
				D82F163C20AAE57700563AD0 /* Blackboard */,
				D8D3737B20A048CB00FE8843 /* CloseTerminalWindows.applescript */,
				D8CA67A52066CE23003501FD /* Commands */,
				D85B1E2720612A81003744E0 /* Constants.swift */,
				D8333EF8205E40D90029172B /* Controllers */,
				D8B109B8206BB80F00084D82 /* DataTypes */,
				D80FE850209C4581009B5F13 /* ErrorNotifier.swift */,
				D842DA8A2062A7290043B73A /* Extensions */,
				D819888B20595165004B5974 /* GUI-o-Mac-tic.entitlements */,
				D819888A20595165004B5974 /* Info.plist */,
				D8CA67A32066BF1C003501FD /* LogicalXOR.swift */,
				D819888720595165004B5974 /* Main.storyboard */,
				D8F1FEFC20654785007E497B /* main.swift */,
				D8167F12206EC1620073552A /* Mappers */,
				D8515E95205C3C2100565AAE /* Model */,
				D8CC30D9208DD280001BF0FF /* Server */,
				D806819F20A584E300D8D174 /* StatusBarPopover */,
				D8515EAB205C440900565AAE /* Parser */,
				D85B1E3120614F42003744E0 /* Views */,
			);
			path = src;
			sourceTree = "<group>";
		};
		D82F163C20AAE57700563AD0 /* Blackboard */ = {
			isa = PBXGroup;
			children = (
				D8167F10206EAD4E0073552A /* Blackboard.swift */,
				D82F163D20AAE59D00563AD0 /* CookieControl.swift */,
			);
			path = Blackboard;
			sourceTree = "<group>";
		};
		D8333EF8205E40D90029172B /* Controllers */ = {
			isa = PBXGroup;
			children = (
				D860514520601B2000E8983A /* MainWindowController.swift */,
				D819888320595165004B5974 /* MainWindowViewController.swift */,
				D8DF322C2068ED670034165A /* Protocols */,
				D8F1FEFE2065818D007E497B /* SplashViewController.swift */,
				D8DF3237206907460034165A /* SplashWindowController.swift */,
				D8DF322F2068EE590034165A /* ViewModels */,
			);
			path = Controllers;
			sourceTree = "<group>";
		};
		D842DA8A2062A7290043B73A /* Extensions */ = {
			isa = PBXGroup;
			children = (
				D8DF3240206927200034165A /* NSColor+Extensions.swift */,
				D8DF324220692B7B0034165A /* String+Extensions.swift */,
				D842DA8B2062A73B0043B73A /* URL+Extensions.swift */,
				659F39C6BDCA4E86A2CC3C01 /* NSImage+Extensions.swift */,
				D8D696F32073B07200F814DE /* UInt16+Extensions.swift */,
				D8467E6B20AEBDFA00F8F08A /* NSWindow+Extensions.swift */,
			);
			path = Extensions;
			sourceTree = "<group>";
		};
		D84AB8D7207A0ECE00AB4E21 /* GUI-o-Mac-tic-Tests */ = {
			isa = PBXGroup;
			children = (
				D8CD296E2078EDC5009264AC /* BootTests.swift */,
				D8F35ED52077A4BA006CD09E /* ParserTests.swift */,
				D84AB8DA207A0ECE00AB4E21 /* Info.plist */,
			);
			path = "GUI-o-Mac-tic-Tests";
			sourceTree = "<group>";
		};
		D84AB8E5207A2F7600AB4E21 /* Boot */ = {
			isa = PBXGroup;
			children = (
				D8CD296C2078D3DF009264AC /* BootError.swift */,
				D8167F0E206E76A10073552A /* Boot.swift */,
			);
			path = Boot;
			sourceTree = "<group>";
		};
		D8515E95205C3C2100565AAE /* Model */ = {
			isa = PBXGroup;
			children = (
				D8515E9A205C3D0D00565AAE /* ActionItem.swift */,
				D8515EA0205C402600565AAE /* ActionItemType.swift */,
				D8515EB0205D206300565AAE /* Args.swift */,
				D81988A1205957EE004B5974 /* Config.swift */,
				D8333EE8205D3FA90029172B /* FontStyle.swift */,
				D8B109BF206BD82F00084D82 /* HTTPCookie.swift */,
				D8515EA2205C416700565AAE /* Indicator.swift */,
				D8515EA5205C41BD00565AAE /* MainWindow.swift */,
				D8515E98205C3CB000565AAE /* Operation.swift */,
				D8515E9C205C3F0300565AAE /* Position.swift */,
				D8515EA7205C421900565AAE /* StatusDisplay.swift */,
			);
			path = Model;
			sourceTree = "<group>";
		};
		D8515EAB205C440900565AAE /* Parser */ = {
			isa = PBXGroup;
			children = (
				D8515EAC205C443400565AAE /* ConfigInitializer.swift */,
				D8ECDD6B205EA6370004790B /* Parser.swift */,
				D8F35ED72077AA5C006CD09E /* ParsingError.swift */,
				D86EFEC82080A5ED004D3B45 /* Keyword.swift */,
			);
			path = Parser;
			sourceTree = "<group>";
		};
		D85B1E3120614F42003744E0 /* Views */ = {
			isa = PBXGroup;
			children = (
				D85B1E3220614FC5003744E0 /* SubstatusTableCellView.swift */,
			);
			path = Views;
			sourceTree = "<group>";
		};
		D896443120A0309F00D4F5B4 /* Terminal */ = {
			isa = PBXGroup;
			children = (
				D8B289732067CC3C000DCD03 /* Terminal.swift */,
				D896443220A0310800D4F5B4 /* Terminal.applescript */,
			);
			path = Terminal;
			sourceTree = "<group>";
		};
		D8B109AC206BA5D100084D82 /* NotifyUser */ = {
			isa = PBXGroup;
			children = (
				D8BE028C2067E496006219D5 /* UserNotificationFacade.swift */,
				D8B109AA206BA28F00084D82 /* NotifyUser.swift */,
			);
			path = NotifyUser;
			sourceTree = "<group>";
		};
		D8B109B8206BB80F00084D82 /* DataTypes */ = {
			isa = PBXGroup;
			children = (
				D8B109B9206BB81D00084D82 /* Queue.swift */,
			);
			path = DataTypes;
			sourceTree = "<group>";
		};
		D8CA67A52066CE23003501FD /* Commands */ = {
			isa = PBXGroup;
			children = (
				D8CA67A62066CE31003501FD /* Command.swift */,
				D8B2896C2067C3C5000DCD03 /* CommandFactory.swift */,
				D8BE02892067DE8D006219D5 /* GetURL.swift */,
				D8DF3239206908F70034165A /* HideMainWindow.swift */,
				D8DF3235206904EF0034165A /* HideSplashScreen.swift */,
				D8B109AC206BA5D100084D82 /* NotifyUser */,
				D81A51FD2067F38600E431E9 /* PostURL.swift */,
				D8B2896E2067C5A1000DCD03 /* Quit.swift */,
				D8B109BB206BD64C00084D82 /* SetHTTPCookie.swift */,
				D8594A0A206A737000D089DE /* SetItem.swift */,
				D8594A0D206A8A8D00D089DE /* SetNextErrorMessage.swift */,
				D8DF323B206917510034165A /* SetStatus.swift */,
				D8DF323E206922150034165A /* SetStatusDisplay.swift */,
				D85B1E2C20613614003744E0 /* Shell.swift */,
				D8B289702067CBBD000DCD03 /* ShowMainWindow.swift */,
				D8DF32232068D5520034165A /* ShowSplashScreen.swift */,
				D8B289482067AD6A000DCD03 /* ShowURL.swift */,
				D896443120A0309F00D4F5B4 /* Terminal */,
				D8DF32322068FC2E0034165A /* UpdateSplashScreen.swift */,
				D81A51FF2067F81A00E431E9 /* URLCommand.swift */,
			);
			path = Commands;
			sourceTree = "<group>";
		};
		D8CC30D9208DD280001BF0FF /* Server */ = {
			isa = PBXGroup;
			children = (
				D8D91DF42072C16900520189 /* NetworkError.swift */,
				D8BE2C7D206EE0A70039C7B5 /* Server.swift */,
			);
			path = Server;
			sourceTree = "<group>";
		};
		D8DF32252068E66A0034165A /* share */ = {
			isa = PBXGroup;
			children = (
				D8167F0C206E753C0073552A /* configurator.sh */,
				D8E459F220753B1B00B5A3CD /* stage1.conf */,
				D8307B96207661D500FCE94D /* stage2.conf */,
			);
			path = share;
			sourceTree = "<group>";
		};
		D8DF322C2068ED670034165A /* Protocols */ = {
			isa = PBXGroup;
			children = (
				D8DF322D2068ED870034165A /* SplashViewDataSource.swift */,
			);
			path = Protocols;
			sourceTree = "<group>";
		};
		D8DF322F2068EE590034165A /* ViewModels */ = {
			isa = PBXGroup;
			children = (
				D8DF32302068EE710034165A /* SplashScreenConfig.swift */,
			);
			path = ViewModels;
			sourceTree = "<group>";
		};
/* End PBXGroup section */

/* Begin PBXNativeTarget section */
		D819887D20595165004B5974 /* GUI-o-Mac-tic */ = {
			isa = PBXNativeTarget;
			buildConfigurationList = D819889920595165004B5974 /* Build configuration list for PBXNativeTarget "GUI-o-Mac-tic" */;
			buildPhases = (
				D819887A20595165004B5974 /* Sources */,
				D819887B20595165004B5974 /* Frameworks */,
				D819887C20595165004B5974 /* Resources */,
			);
			buildRules = (
			);
			dependencies = (
			);
			name = "GUI-o-Mac-tic";
			productName = "GUI-o-Mac-tic";
			productReference = D819887E20595165004B5974 /* GUI-o-Mac-tic.app */;
			productType = "com.apple.product-type.application";
		};
		D84AB8D5207A0ECE00AB4E21 /* GUI-o-Mac-tic-Tests */ = {
			isa = PBXNativeTarget;
			buildConfigurationList = D84AB8DF207A0ECE00AB4E21 /* Build configuration list for PBXNativeTarget "GUI-o-Mac-tic-Tests" */;
			buildPhases = (
				D84AB8D2207A0ECE00AB4E21 /* Sources */,
				D84AB8D3207A0ECE00AB4E21 /* Frameworks */,
				D84AB8D4207A0ECE00AB4E21 /* Resources */,
			);
			buildRules = (
			);
			dependencies = (
				D84AB8DC207A0ECE00AB4E21 /* PBXTargetDependency */,
			);
			name = "GUI-o-Mac-tic-Tests";
			productName = "GUI-o-Mac-tic-Tests";
			productReference = D84AB8D6207A0ECE00AB4E21 /* GUI-o-Mac-tic-Tests.xctest */;
			productType = "com.apple.product-type.bundle.unit-test";
		};
/* End PBXNativeTarget section */

/* Begin PBXProject section */
		D819887620595165004B5974 /* Project object */ = {
			isa = PBXProject;
			attributes = {
				CLASSPREFIX = "";
				LastSwiftUpdateCheck = 0930;
				LastUpgradeCheck = 0930;
				ORGANIZATIONNAME = "Mailpile ehf.";
				TargetAttributes = {
					D819887D20595165004B5974 = {
						CreatedOnToolsVersion = 9.2;
						ProvisioningStyle = Automatic;
						SystemCapabilities = {
							com.apple.Sandbox = {
								enabled = 0;
							};
						};
					};
					D84AB8D5207A0ECE00AB4E21 = {
						CreatedOnToolsVersion = 9.3;
						ProvisioningStyle = Automatic;
						TestTargetID = D819887D20595165004B5974;
					};
				};
			};
			buildConfigurationList = D819887920595165004B5974 /* Build configuration list for PBXProject "GUI-o-Mac-tic" */;
			compatibilityVersion = "Xcode 8.0";
			developmentRegion = en;
			hasScannedForEncodings = 0;
			knownRegions = (
				en,
				Base,
			);
			mainGroup = D819887520595165004B5974;
			productRefGroup = D819887F20595165004B5974 /* Products */;
			projectDirPath = "";
			projectRoot = "";
			targets = (
				D819887D20595165004B5974 /* GUI-o-Mac-tic */,
				D84AB8D5207A0ECE00AB4E21 /* GUI-o-Mac-tic-Tests */,
			);
		};
/* End PBXProject section */

/* Begin PBXResourcesBuildPhase section */
		D819887C20595165004B5974 /* Resources */ = {
			isa = PBXResourcesBuildPhase;
			buildActionMask = 2147483647;
			files = (
				D8D3737D20A062B500FE8843 /* CloseTerminalWindows.applescript in Resources */,
				D8E459F320753B1B00B5A3CD /* stage1.conf in Resources */,
				D8167F0D206E753C0073552A /* configurator.sh in Resources */,
				D8307B97207661D500FCE94D /* stage2.conf in Resources */,
				D88213252066441400150FAE /* LICENSE.txt in Resources */,
				D819888620595165004B5974 /* Assets.xcassets in Resources */,
				D80681A520A5859500D8D174 /* StatusBarPopoverController.xib in Resources */,
				D896443320A0310800D4F5B4 /* Terminal.applescript in Resources */,
				D819888920595165004B5974 /* Main.storyboard in Resources */,
			);
			runOnlyForDeploymentPostprocessing = 0;
		};
		D84AB8D4207A0ECE00AB4E21 /* Resources */ = {
			isa = PBXResourcesBuildPhase;
			buildActionMask = 2147483647;
			files = (
			);
			runOnlyForDeploymentPostprocessing = 0;
		};
/* End PBXResourcesBuildPhase section */

/* Begin PBXSourcesBuildPhase section */
		D819887A20595165004B5974 /* Sources */ = {
			isa = PBXSourcesBuildPhase;
			buildActionMask = 2147483647;
			files = (
				D81D3CE620665A7E008325B9 /* SubstatusTableCellView.swift in Sources */,
				D81A52002067F81A00E431E9 /* URLCommand.swift in Sources */,
				D8BE2C7E206EE0A70039C7B5 /* Server.swift in Sources */,
				D8DF3241206927200034165A /* NSColor+Extensions.swift in Sources */,
				D819888420595165004B5974 /* MainWindowViewController.swift in Sources */,
				D80681A420A5859500D8D174 /* StatusBarPopoverController.swift in Sources */,
				D8B109BC206BD64C00084D82 /* SetHTTPCookie.swift in Sources */,
				D8F1FEFF2065818D007E497B /* SplashViewController.swift in Sources */,
				D8515E99205C3CB000565AAE /* Operation.swift in Sources */,
				D8DF32242068D5520034165A /* ShowSplashScreen.swift in Sources */,
				D82F163E20AAE59D00563AD0 /* CookieControl.swift in Sources */,
				D8594A0B206A737000D089DE /* SetItem.swift in Sources */,
				D81988A2205957EE004B5974 /* Config.swift in Sources */,
				D8DF323A206908F70034165A /* HideMainWindow.swift in Sources */,
				D8B289712067CBBD000DCD03 /* ShowMainWindow.swift in Sources */,
				D8B2896F2067C5A1000DCD03 /* Quit.swift in Sources */,
				D8515EA3205C416700565AAE /* Indicator.swift in Sources */,
				D80FE851209C4581009B5F13 /* ErrorNotifier.swift in Sources */,
				D8167F0F206E76A10073552A /* Boot.swift in Sources */,
				D8515EAD205C443400565AAE /* ConfigInitializer.swift in Sources */,
				D8DF32332068FC2E0034165A /* UpdateSplashScreen.swift in Sources */,
				D8BE028D2067E496006219D5 /* UserNotificationFacade.swift in Sources */,
				D8DF3236206904EF0034165A /* HideSplashScreen.swift in Sources */,
				D860514620601B2000E8983A /* MainWindowController.swift in Sources */,
				D8DF322E2068ED870034165A /* SplashViewDataSource.swift in Sources */,
				D8333EE9205D3FA90029172B /* FontStyle.swift in Sources */,
				D8DF32312068EE710034165A /* SplashScreenConfig.swift in Sources */,
				D8F35ED82077AA5C006CD09E /* ParsingError.swift in Sources */,
				D8167F11206EAD4E0073552A /* Blackboard.swift in Sources */,
				D85B1E2D20613614003744E0 /* Shell.swift in Sources */,
				D8B2896D2067C3C5000DCD03 /* CommandFactory.swift in Sources */,
				D8B109BA206BB81D00084D82 /* Queue.swift in Sources */,
				D8515EB1205D206300565AAE /* Args.swift in Sources */,
				D8F1FEFD20654785007E497B /* main.swift in Sources */,
				D819888220595165004B5974 /* AppDelegate.swift in Sources */,
				D8DF323C206917510034165A /* SetStatus.swift in Sources */,
				D8167F14206EC17E0073552A /* StringToOperation.swift in Sources */,
				D8B289492067AD6A000DCD03 /* ShowURL.swift in Sources */,
				D8B109AB206BA28F00084D82 /* NotifyUser.swift in Sources */,
				D86EFEC92080A5ED004D3B45 /* Keyword.swift in Sources */,
				D8467E6C20AEBDFA00F8F08A /* NSWindow+Extensions.swift in Sources */,
				D8DF323F206922150034165A /* SetStatusDisplay.swift in Sources */,
				D8594A0E206A8A8D00D089DE /* SetNextErrorMessage.swift in Sources */,
				D842DA8C2062A73B0043B73A /* URL+Extensions.swift in Sources */,
				D85B1E2820612A81003744E0 /* Constants.swift in Sources */,
				D8CA67A72066CE31003501FD /* Command.swift in Sources */,
				D8307B9520754E1100FCE94D /* FontStyleToFont.swift in Sources */,
				D8DF3238206907460034165A /* SplashWindowController.swift in Sources */,
				D8CA67A42066BF1C003501FD /* LogicalXOR.swift in Sources */,
				D8B289742067CC3C000DCD03 /* Terminal.swift in Sources */,
				D8515E9B205C3D0D00565AAE /* ActionItem.swift in Sources */,
				D8515E9D205C3F0300565AAE /* Position.swift in Sources */,
				D8BE028A2067DE8D006219D5 /* GetURL.swift in Sources */,
				D8515EA1205C402600565AAE /* ActionItemType.swift in Sources */,
				D8D696F42073B07200F814DE /* UInt16+Extensions.swift in Sources */,
				D8B109C0206BD82F00084D82 /* HTTPCookie.swift in Sources */,
				D81A51FE2067F38600E431E9 /* PostURL.swift in Sources */,
				D8515EA6205C41BD00565AAE /* MainWindow.swift in Sources */,
				D8DF324320692B7B0034165A /* String+Extensions.swift in Sources */,
				D8CD296D2078D3DF009264AC /* BootError.swift in Sources */,
				D8ECDD6C205EA6370004790B /* Parser.swift in Sources */,
				D8515EA8205C421900565AAE /* StatusDisplay.swift in Sources */,
				659F3D252E28CC11C274AEB2 /* NSImage+Extensions.swift in Sources */,
				D8D91DF52072C16900520189 /* NetworkError.swift in Sources */,
			);
			runOnlyForDeploymentPostprocessing = 0;
		};
		D84AB8D2207A0ECE00AB4E21 /* Sources */ = {
			isa = PBXSourcesBuildPhase;
			buildActionMask = 2147483647;
			files = (
				D84AB8E0207A0EDF00AB4E21 /* BootTests.swift in Sources */,
				D84AB8E1207A0EDF00AB4E21 /* ParserTests.swift in Sources */,
			);
			runOnlyForDeploymentPostprocessing = 0;
		};
/* End PBXSourcesBuildPhase section */

/* Begin PBXTargetDependency section */
		D84AB8DC207A0ECE00AB4E21 /* PBXTargetDependency */ = {
			isa = PBXTargetDependency;
			target = D819887D20595165004B5974 /* GUI-o-Mac-tic */;
			targetProxy = D84AB8DB207A0ECE00AB4E21 /* PBXContainerItemProxy */;
		};
/* End PBXTargetDependency section */

/* Begin PBXVariantGroup section */
		D819888720595165004B5974 /* Main.storyboard */ = {
			isa = PBXVariantGroup;
			children = (
				D819888820595165004B5974 /* Base */,
			);
			name = Main.storyboard;
			sourceTree = "<group>";
		};
/* End PBXVariantGroup section */

/* Begin XCBuildConfiguration section */
		D819889720595165004B5974 /* Debug */ = {
			isa = XCBuildConfiguration;
			buildSettings = {
				ALWAYS_SEARCH_USER_PATHS = NO;
				CLANG_ANALYZER_NONNULL = YES;
				CLANG_ANALYZER_NUMBER_OBJECT_CONVERSION = YES_AGGRESSIVE;
				CLANG_CXX_LANGUAGE_STANDARD = "gnu++14";
				CLANG_CXX_LIBRARY = "libc++";
				CLANG_ENABLE_MODULES = YES;
				CLANG_ENABLE_OBJC_ARC = YES;
				CLANG_WARN_BLOCK_CAPTURE_AUTORELEASING = YES;
				CLANG_WARN_BOOL_CONVERSION = YES;
				CLANG_WARN_COMMA = YES;
				CLANG_WARN_CONSTANT_CONVERSION = YES;
				CLANG_WARN_DEPRECATED_OBJC_IMPLEMENTATIONS = YES;
				CLANG_WARN_DIRECT_OBJC_ISA_USAGE = YES_ERROR;
				CLANG_WARN_DOCUMENTATION_COMMENTS = YES;
				CLANG_WARN_EMPTY_BODY = YES;
				CLANG_WARN_ENUM_CONVERSION = YES;
				CLANG_WARN_INFINITE_RECURSION = YES;
				CLANG_WARN_INT_CONVERSION = YES;
				CLANG_WARN_NON_LITERAL_NULL_CONVERSION = YES;
				CLANG_WARN_OBJC_IMPLICIT_RETAIN_SELF = YES;
				CLANG_WARN_OBJC_LITERAL_CONVERSION = YES;
				CLANG_WARN_OBJC_ROOT_CLASS = YES_ERROR;
				CLANG_WARN_RANGE_LOOP_ANALYSIS = YES;
				CLANG_WARN_STRICT_PROTOTYPES = YES;
				CLANG_WARN_SUSPICIOUS_MOVE = YES;
				CLANG_WARN_UNGUARDED_AVAILABILITY = YES_AGGRESSIVE;
				CLANG_WARN_UNREACHABLE_CODE = YES;
				CLANG_WARN__DUPLICATE_METHOD_MATCH = YES;
				CODE_SIGN_IDENTITY = "Mac Developer";
				COPY_PHASE_STRIP = NO;
				DEBUG_INFORMATION_FORMAT = dwarf;
				ENABLE_STRICT_OBJC_MSGSEND = YES;
				ENABLE_TESTABILITY = YES;
				GCC_C_LANGUAGE_STANDARD = gnu11;
				GCC_DYNAMIC_NO_PIC = NO;
				GCC_NO_COMMON_BLOCKS = YES;
				GCC_OPTIMIZATION_LEVEL = 0;
				GCC_PREPROCESSOR_DEFINITIONS = (
					DEBUG,
					"$(inherited)",
				);
				GCC_WARN_64_TO_32_BIT_CONVERSION = YES;
				GCC_WARN_ABOUT_MISSING_NEWLINE = YES;
				GCC_WARN_ABOUT_RETURN_TYPE = YES_ERROR;
				GCC_WARN_UNDECLARED_SELECTOR = YES;
				GCC_WARN_UNINITIALIZED_AUTOS = YES_AGGRESSIVE;
				GCC_WARN_UNUSED_FUNCTION = YES;
				GCC_WARN_UNUSED_VARIABLE = YES;
				MACOSX_DEPLOYMENT_TARGET = 10.12;
				MTL_ENABLE_DEBUG_INFO = YES;
				ONLY_ACTIVE_ARCH = YES;
				SDKROOT = macosx;
				SWIFT_ACTIVE_COMPILATION_CONDITIONS = DEBUG;
				SWIFT_COMPILATION_MODE = singlefile;
				SWIFT_OPTIMIZATION_LEVEL = "-Onone";
				SWIFT_VERSION = 4.0;
			};
			name = Debug;
		};
		D819889820595165004B5974 /* Release */ = {
			isa = XCBuildConfiguration;
			buildSettings = {
				ALWAYS_SEARCH_USER_PATHS = NO;
				CLANG_ANALYZER_NONNULL = YES;
				CLANG_ANALYZER_NUMBER_OBJECT_CONVERSION = YES_AGGRESSIVE;
				CLANG_CXX_LANGUAGE_STANDARD = "gnu++14";
				CLANG_CXX_LIBRARY = "libc++";
				CLANG_ENABLE_MODULES = YES;
				CLANG_ENABLE_OBJC_ARC = YES;
				CLANG_WARN_BLOCK_CAPTURE_AUTORELEASING = YES;
				CLANG_WARN_BOOL_CONVERSION = YES;
				CLANG_WARN_COMMA = YES;
				CLANG_WARN_CONSTANT_CONVERSION = YES;
				CLANG_WARN_DEPRECATED_OBJC_IMPLEMENTATIONS = YES;
				CLANG_WARN_DIRECT_OBJC_ISA_USAGE = YES_ERROR;
				CLANG_WARN_DOCUMENTATION_COMMENTS = YES;
				CLANG_WARN_EMPTY_BODY = YES;
				CLANG_WARN_ENUM_CONVERSION = YES;
				CLANG_WARN_INFINITE_RECURSION = YES;
				CLANG_WARN_INT_CONVERSION = YES;
				CLANG_WARN_NON_LITERAL_NULL_CONVERSION = YES;
				CLANG_WARN_OBJC_IMPLICIT_RETAIN_SELF = YES;
				CLANG_WARN_OBJC_LITERAL_CONVERSION = YES;
				CLANG_WARN_OBJC_ROOT_CLASS = YES_ERROR;
				CLANG_WARN_RANGE_LOOP_ANALYSIS = YES;
				CLANG_WARN_STRICT_PROTOTYPES = YES;
				CLANG_WARN_SUSPICIOUS_MOVE = YES;
				CLANG_WARN_UNGUARDED_AVAILABILITY = YES_AGGRESSIVE;
				CLANG_WARN_UNREACHABLE_CODE = YES;
				CLANG_WARN__DUPLICATE_METHOD_MATCH = YES;
				CODE_SIGN_IDENTITY = "Mac Developer";
				COPY_PHASE_STRIP = NO;
				DEBUG_INFORMATION_FORMAT = "dwarf-with-dsym";
				ENABLE_NS_ASSERTIONS = NO;
				ENABLE_STRICT_OBJC_MSGSEND = YES;
				GCC_C_LANGUAGE_STANDARD = gnu11;
				GCC_NO_COMMON_BLOCKS = YES;
				GCC_WARN_64_TO_32_BIT_CONVERSION = YES;
				GCC_WARN_ABOUT_MISSING_NEWLINE = YES;
				GCC_WARN_ABOUT_RETURN_TYPE = YES_ERROR;
				GCC_WARN_UNDECLARED_SELECTOR = YES;
				GCC_WARN_UNINITIALIZED_AUTOS = YES_AGGRESSIVE;
				GCC_WARN_UNUSED_FUNCTION = YES;
				GCC_WARN_UNUSED_VARIABLE = YES;
				MACOSX_DEPLOYMENT_TARGET = 10.12;
				MTL_ENABLE_DEBUG_INFO = NO;
				SDKROOT = macosx;
				SWIFT_OPTIMIZATION_LEVEL = "-Owholemodule";
				SWIFT_VERSION = 4.0;
			};
			name = Release;
		};
		D819889A20595165004B5974 /* Debug */ = {
			isa = XCBuildConfiguration;
			buildSettings = {
				ASSETCATALOG_COMPILER_APPICON_NAME = AppIcon;
				CODE_SIGN_IDENTITY = "Mac Developer";
				CODE_SIGN_STYLE = Automatic;
				COMBINE_HIDPI_IMAGES = YES;
				DEVELOPMENT_TEAM = 32325SM62E;
				INFOPLIST_FILE = src/Info.plist;
				LD_RUNPATH_SEARCH_PATHS = "$(inherited) @executable_path/../Frameworks";
				MACOSX_DEPLOYMENT_TARGET = 10.12;
				PRODUCT_BUNDLE_IDENTIFIER = "is.mailpile.gui-o-mac-tic";
				PRODUCT_NAME = "$(TARGET_NAME)";
				PROVISIONING_PROFILE_SPECIFIER = "";
				SWIFT_VERSION = 4.0;
			};
			name = Debug;
		};
		D819889B20595165004B5974 /* Release */ = {
			isa = XCBuildConfiguration;
			buildSettings = {
				ASSETCATALOG_COMPILER_APPICON_NAME = AppIcon;
				CODE_SIGN_IDENTITY = "Mac Developer";
				CODE_SIGN_STYLE = Automatic;
				COMBINE_HIDPI_IMAGES = YES;
				DEVELOPMENT_TEAM = 32325SM62E;
				INFOPLIST_FILE = src/Info.plist;
				LD_RUNPATH_SEARCH_PATHS = "$(inherited) @executable_path/../Frameworks";
				MACOSX_DEPLOYMENT_TARGET = 10.12;
				PRODUCT_BUNDLE_IDENTIFIER = "is.mailpile.gui-o-mac-tic";
				PRODUCT_NAME = "$(TARGET_NAME)";
				PROVISIONING_PROFILE_SPECIFIER = "";
				SWIFT_VERSION = 4.0;
			};
			name = Release;
		};
		D84AB8DD207A0ECE00AB4E21 /* Debug */ = {
			isa = XCBuildConfiguration;
			buildSettings = {
				BUNDLE_LOADER = "$(TEST_HOST)";
				CLANG_ENABLE_OBJC_WEAK = YES;
				CODE_SIGN_STYLE = Automatic;
				COMBINE_HIDPI_IMAGES = YES;
				DEVELOPMENT_TEAM = 32325SM62E;
				INFOPLIST_FILE = "GUI-o-Mac-tic-Tests/Info.plist";
				LD_RUNPATH_SEARCH_PATHS = "$(inherited) @executable_path/../Frameworks @loader_path/../Frameworks";
				MACOSX_DEPLOYMENT_TARGET = 10.13;
				PRODUCT_BUNDLE_IDENTIFIER = "is.mailpile.GUI-o-Mac-tic-Tests";
				PRODUCT_NAME = "$(TARGET_NAME)";
				SWIFT_VERSION = 4.0;
				TEST_HOST = "$(BUILT_PRODUCTS_DIR)/GUI-o-Mac-tic.app/Contents/MacOS/GUI-o-Mac-tic";
			};
			name = Debug;
		};
		D84AB8DE207A0ECE00AB4E21 /* Release */ = {
			isa = XCBuildConfiguration;
			buildSettings = {
				BUNDLE_LOADER = "$(TEST_HOST)";
				CLANG_ENABLE_OBJC_WEAK = YES;
				CODE_SIGN_STYLE = Automatic;
				COMBINE_HIDPI_IMAGES = YES;
				DEVELOPMENT_TEAM = 32325SM62E;
				INFOPLIST_FILE = "GUI-o-Mac-tic-Tests/Info.plist";
				LD_RUNPATH_SEARCH_PATHS = "$(inherited) @executable_path/../Frameworks @loader_path/../Frameworks";
				MACOSX_DEPLOYMENT_TARGET = 10.13;
				PRODUCT_BUNDLE_IDENTIFIER = "is.mailpile.GUI-o-Mac-tic-Tests";
				PRODUCT_NAME = "$(TARGET_NAME)";
				SWIFT_VERSION = 4.0;
				TEST_HOST = "$(BUILT_PRODUCTS_DIR)/GUI-o-Mac-tic.app/Contents/MacOS/GUI-o-Mac-tic";
			};
			name = Release;
		};
/* End XCBuildConfiguration section */

/* Begin XCConfigurationList section */
		D819887920595165004B5974 /* Build configuration list for PBXProject "GUI-o-Mac-tic" */ = {
			isa = XCConfigurationList;
			buildConfigurations = (
				D819889720595165004B5974 /* Debug */,
				D819889820595165004B5974 /* Release */,
			);
			defaultConfigurationIsVisible = 0;
			defaultConfigurationName = Release;
		};
		D819889920595165004B5974 /* Build configuration list for PBXNativeTarget "GUI-o-Mac-tic" */ = {
			isa = XCConfigurationList;
			buildConfigurations = (
				D819889A20595165004B5974 /* Debug */,
				D819889B20595165004B5974 /* Release */,
			);
			defaultConfigurationIsVisible = 0;
			defaultConfigurationName = Release;
		};
		D84AB8DF207A0ECE00AB4E21 /* Build configuration list for PBXNativeTarget "GUI-o-Mac-tic-Tests" */ = {
			isa = XCConfigurationList;
			buildConfigurations = (
				D84AB8DD207A0ECE00AB4E21 /* Debug */,
				D84AB8DE207A0ECE00AB4E21 /* Release */,
			);
			defaultConfigurationIsVisible = 0;
			defaultConfigurationName = Release;
		};
/* End XCConfigurationList section */
	};
	rootObject = D819887620595165004B5974 /* Project object */;
}
